
Microsoft Visual Studio Solution File, Format Version 12.00
# Visual Studio Version 17
VisualStudioVersion = 17.14.36310.24 d17.14
MinimumVisualStudioVersion = 10.0.40219.1
Project("{FAE04EC0-301F-11D3-BF4B-00C04F79EFBC}") = "API", "API\API.csproj", "{2BF3D318-48CA-4DCD-AC55-54F6E499B096}"
EndProject
Project("{FAE04EC0-301F-11D3-BF4B-00C04F79EFBC}") = "Infrastructure", "Infrastructure\Infrastructure.csproj", "{3B3F050D-7D58-45AC-B1E1-238846A54DA2}"
EndProject
Project("{FAE04EC0-301F-11D3-BF4B-00C04F79EFBC}") = "Model", "Model\Model.csproj", "{1B5581D9-9BF2-4200-8D45-1282E5ED6DCB}"
EndProject
Global
	GlobalSection(SolutionConfigurationPlatforms) = preSolution
		Debug|Any CPU = Debug|Any CPU
		Release|Any CPU = Release|Any CPU
	EndGlobalSection
	GlobalSection(ProjectConfigurationPlatforms) = postSolution
		{2BF3D318-48CA-4DCD-AC55-54F6E499B096}.Debug|Any CPU.ActiveCfg = Debug|Any CPU
		{2BF3D318-48CA-4DCD-AC55-54F6E499B096}.Debug|Any CPU.Build.0 = Debug|Any CPU
		{2BF3D318-48CA-4DCD-AC55-54F6E499B096}.Release|Any CPU.ActiveCfg = Release|Any CPU
		{2BF3D318-48CA-4DCD-AC55-54F6E499B096}.Release|Any CPU.Build.0 = Release|Any CPU
		{3B3F050D-7D58-45AC-B1E1-238846A54DA2}.Debug|Any CPU.ActiveCfg = Debug|Any CPU
		{3B3F050D-7D58-45AC-B1E1-238846A54DA2}.Debug|Any CPU.Build.0 = Debug|Any CPU
		{3B3F050D-7D58-45AC-B1E1-238846A54DA2}.Release|Any CPU.ActiveCfg = Release|Any CPU
		{3B3F050D-7D58-45AC-B1E1-238846A54DA2}.Release|Any CPU.Build.0 = Release|Any CPU
		{1B5581D9-9BF2-4200-8D45-1282E5ED6DCB}.Debug|Any CPU.ActiveCfg = Debug|Any CPU
		{1B5581D9-9BF2-4200-8D45-1282E5ED6DCB}.Debug|Any CPU.Build.0 = Debug|Any CPU
		{1B5581D9-9BF2-4200-8D45-1282E5ED6DCB}.Release|Any CPU.ActiveCfg = Release|Any CPU
		{1B5581D9-9BF2-4200-8D45-1282E5ED6DCB}.Release|Any CPU.Build.0 = Release|Any CPU
	EndGlobalSection
	GlobalSection(SolutionProperties) = preSolution
		HideSolutionNode = FALSE
	EndGlobalSection
	GlobalSection(ExtensibilityGlobals) = postSolution
		SolutionGuid = {7D49E2D7-692E-4ABF-9FD1-B920ED75AC46}
	EndGlobalSection
EndGlobal
